
Microsoft Visual Studio Solution File, Format Version 12.00
# Visual Studio Version 17
VisualStudioVersion = 17.0.32126.317
MinimumVisualStudioVersion = 10.0.40219.1
Project("{9A19103F-16F7-4668-BE54-9A1E7A4F7556}") = "Activeone", "Activeone\Activeone.csproj", "{7B0D15B4-DB5A-4D1A-B9D7-FD329CFBF9C8}"
EndProject
Project("{9A19103F-16F7-4668-BE54-9A1E7A4F7556}") = "Activeone.Core", "Activeone.Core\Activeone.Core.csproj", "{B230ABB6-4067-4D2C-A923-11D54708D55A}"
EndProject
Project("{9A19103F-16F7-4668-BE54-9A1E7A4F7556}") = "Activeone.Infrastructure", "Activeone.Infrastructure\Activeone.Infrastructure.csproj", "{2AC70B98-EDBF-42B4-8A3F-262F6853DB98}"
EndProject
Global
	GlobalSection(SolutionConfigurationPlatforms) = preSolution
		Debug|Any CPU = Debug|Any CPU
		Release|Any CPU = Release|Any CPU
	EndGlobalSection
	GlobalSection(ProjectConfigurationPlatforms) = postSolution
		{7B0D15B4-DB5A-4D1A-B9D7-FD329CFBF9C8}.Debug|Any CPU.ActiveCfg = Debug|Any CPU
		{7B0D15B4-DB5A-4D1A-B9D7-FD329CFBF9C8}.Debug|Any CPU.Build.0 = Debug|Any CPU
		{7B0D15B4-DB5A-4D1A-B9D7-FD329CFBF9C8}.Release|Any CPU.ActiveCfg = Release|Any CPU
		{7B0D15B4-DB5A-4D1A-B9D7-FD329CFBF9C8}.Release|Any CPU.Build.0 = Release|Any CPU
		{B230ABB6-4067-4D2C-A923-11D54708D55A}.Debug|Any CPU.ActiveCfg = Debug|Any CPU
		{B230ABB6-4067-4D2C-A923-11D54708D55A}.Debug|Any CPU.Build.0 = Debug|Any CPU
		{B230ABB6-4067-4D2C-A923-11D54708D55A}.Release|Any CPU.ActiveCfg = Release|Any CPU
		{B230ABB6-4067-4D2C-A923-11D54708D55A}.Release|Any CPU.Build.0 = Release|Any CPU
		{2AC70B98-EDBF-42B4-8A3F-262F6853DB98}.Debug|Any CPU.ActiveCfg = Debug|Any CPU
		{2AC70B98-EDBF-42B4-8A3F-262F6853DB98}.Debug|Any CPU.Build.0 = Debug|Any CPU
		{2AC70B98-EDBF-42B4-8A3F-262F6853DB98}.Release|Any CPU.ActiveCfg = Release|Any CPU
		{2AC70B98-EDBF-42B4-8A3F-262F6853DB98}.Release|Any CPU.Build.0 = Release|Any CPU
	EndGlobalSection
	GlobalSection(SolutionProperties) = preSolution
		HideSolutionNode = FALSE
	EndGlobalSection
	GlobalSection(ExtensibilityGlobals) = postSolution
		SolutionGuid = {A93E0153-2A18-4B2F-B09D-597B013D7A32}
	EndGlobalSection
EndGlobal
